
Microsoft Visual Studio Solution File, Format Version 12.00
# Visual Studio Version 17
VisualStudioVersion = 17.4.33213.308
MinimumVisualStudioVersion = 10.0.40219.1
Project("{FAE04EC0-301F-11D3-BF4B-00C04F79EFBC}") = "Zad1", "Zad1\Zad1.csproj", "{8D3D8692-559A-40AF-9A80-BE26CBCE8F49}"
EndProject
Global
	GlobalSection(SolutionConfigurationPlatforms) = preSolution
		Debug|Any CPU = Debug|Any CPU
		Release|Any CPU = Release|Any CPU
	EndGlobalSection
	GlobalSection(ProjectConfigurationPlatforms) = postSolution
		{8D3D8692-559A-40AF-9A80-BE26CBCE8F49}.Debug|Any CPU.ActiveCfg = Debug|Any CPU
		{8D3D8692-559A-40AF-9A80-BE26CBCE8F49}.Debug|Any CPU.Build.0 = Debug|Any CPU
		{8D3D8692-559A-40AF-9A80-BE26CBCE8F49}.Release|Any CPU.ActiveCfg = Release|Any CPU
		{8D3D8692-559A-40AF-9A80-BE26CBCE8F49}.Release|Any CPU.Build.0 = Release|Any CPU
	EndGlobalSection
	GlobalSection(SolutionProperties) = preSolution
		HideSolutionNode = FALSE
	EndGlobalSection
	GlobalSection(ExtensibilityGlobals) = postSolution
		SolutionGuid = {20645D32-3EE1-4BDB-A148-E7A3F8424728}
	EndGlobalSection
EndGlobal
